
Microsoft Visual Studio Solution File, Format Version 12.00
# Visual Studio Version 16
VisualStudioVersion = 16.0.29806.167
MinimumVisualStudioVersion = 10.0.40219.1
Project("{FAE04EC0-301F-11D3-BF4B-00C04F79EFBC}") = "PKDSS.PortableApp", "PKDSS.PortableApp\PKDSS.PortableApp.csproj", "{94D47949-705D-433B-9057-AACBBB4D3F51}"
EndProject
Project("{9A19103F-16F7-4668-BE54-9A1E7A4F7556}") = "PKDSS.CoreLibrary", "PKDSS.CoreLibrary\PKDSS.CoreLibrary.csproj", "{847E8604-2400-49E8-B776-037B07871F53}"
EndProject
Project("{FAE04EC0-301F-11D3-BF4B-00C04F79EFBC}") = "PKDSS.MonoApp", "PKDSS.MonoApp\PKDSS.MonoApp.csproj", "{35447A95-308F-4F3E-B263-CBD634F00885}"
EndProject
Project("{2150E333-8FDC-42A3-9474-1A3956D46DE8}") = "RPC", "RPC", "{43387081-CF01-48D8-B9EC-82F9CB76BDDB}"
EndProject
Project("{9A19103F-16F7-4668-BE54-9A1E7A4F7556}") = "MessageHub", "MessageHub\MessageHub.csproj", "{8E066469-4770-4203-83C4-2C851EE2D38A}"
EndProject
Project("{FAE04EC0-301F-11D3-BF4B-00C04F79EFBC}") = "TestApp", "TestApp\TestApp.csproj", "{ADCA4E45-7B16-4874-A827-C3437DFC76C3}"
EndProject
Project("{9A19103F-16F7-4668-BE54-9A1E7A4F7556}") = "PKDSS.Tools", "PKDSS.Tools\PKDSS.Tools.csproj", "{E7F549EE-39C5-4518-9A9E-1883218973BD}"
EndProject
Project("{9A19103F-16F7-4668-BE54-9A1E7A4F7556}") = "PKDSS.Web", "PKDSS.Web\PKDSS.Web.csproj", "{397E156A-B363-45EC-B74A-8C88C8C61E64}"
EndProject
Project("{9A19103F-16F7-4668-BE54-9A1E7A4F7556}") = "SSK.Online", "SSK.Online\SSK.Online.csproj", "{A929374B-DAEE-43FA-AC0C-0D236FEC073C}"
EndProject
Project("{2150E333-8FDC-42A3-9474-1A3956D46DE8}") = "Core", "Core", "{BD678FB5-2437-479A-B99D-1D0AF3F0368A}"
EndProject
Project("{2150E333-8FDC-42A3-9474-1A3956D46DE8}") = "Device-Win", "Device-Win", "{E2782F2D-EC95-43CD-9B8C-DF907E30DCF4}"
EndProject
Project("{2150E333-8FDC-42A3-9474-1A3956D46DE8}") = "Device-WinIoT", "Device-WinIoT", "{865FEC67-AF12-4AC8-9EA9-F16321BF3C93}"
EndProject
Project("{2150E333-8FDC-42A3-9474-1A3956D46DE8}") = "Helpers", "Helpers", "{15810762-7E24-41A7-BC19-A9FD00493BE0}"
EndProject
Project("{2150E333-8FDC-42A3-9474-1A3956D46DE8}") = "Web", "Web", "{BFB10B1E-59C5-490F-90B4-7814D0837BEB}"
EndProject
Project("{2150E333-8FDC-42A3-9474-1A3956D46DE8}") = "Test", "Test", "{383C7665-719C-4C6C-9BA8-57951CE8ED3E}"
EndProject
Project("{2150E333-8FDC-42A3-9474-1A3956D46DE8}") = "Service", "Service", "{B3B263D5-90E4-4E30-BFCE-30C175B053A2}"
EndProject
Project("{9A19103F-16F7-4668-BE54-9A1E7A4F7556}") = "PKDSS.UpdateService", "PKDSS.UpdateService\PKDSS.UpdateService.csproj", "{95E66A30-3EE2-4881-A308-662B2241B6E0}"
EndProject
Project("{2150E333-8FDC-42A3-9474-1A3956D46DE8}") = "Shared", "Shared", "{3453B415-A718-4A72-B035-04B5AE37A33D}"
EndProject
Project("{9A19103F-16F7-4668-BE54-9A1E7A4F7556}") = "PKDSS.Shared", "PKDSS.Shared\PKDSS.Shared.csproj", "{A6ECFA1C-F8B8-4B47-BF7F-6C5BC4A05A34}"
EndProject
Global
	GlobalSection(SolutionConfigurationPlatforms) = preSolution
		Debug|Any CPU = Debug|Any CPU
		Debug|ARM = Debug|ARM
		Debug|x64 = Debug|x64
		Debug|x86 = Debug|x86
		Release|Any CPU = Release|Any CPU
		Release|ARM = Release|ARM
		Release|x64 = Release|x64
		Release|x86 = Release|x86
	EndGlobalSection
	GlobalSection(ProjectConfigurationPlatforms) = postSolution
		{94D47949-705D-433B-9057-AACBBB4D3F51}.Debug|Any CPU.ActiveCfg = Debug|x86
		{94D47949-705D-433B-9057-AACBBB4D3F51}.Debug|ARM.ActiveCfg = Debug|ARM
		{94D47949-705D-433B-9057-AACBBB4D3F51}.Debug|ARM.Build.0 = Debug|ARM
		{94D47949-705D-433B-9057-AACBBB4D3F51}.Debug|ARM.Deploy.0 = Debug|ARM
		{94D47949-705D-433B-9057-AACBBB4D3F51}.Debug|x64.ActiveCfg = Debug|x64
		{94D47949-705D-433B-9057-AACBBB4D3F51}.Debug|x64.Build.0 = Debug|x64
		{94D47949-705D-433B-9057-AACBBB4D3F51}.Debug|x64.Deploy.0 = Debug|x64
		{94D47949-705D-433B-9057-AACBBB4D3F51}.Debug|x86.ActiveCfg = Debug|x86
		{94D47949-705D-433B-9057-AACBBB4D3F51}.Debug|x86.Build.0 = Debug|x86
		{94D47949-705D-433B-9057-AACBBB4D3F51}.Debug|x86.Deploy.0 = Debug|x86
		{94D47949-705D-433B-9057-AACBBB4D3F51}.Release|Any CPU.ActiveCfg = Release|x86
		{94D47949-705D-433B-9057-AACBBB4D3F51}.Release|ARM.ActiveCfg = Release|ARM
		{94D47949-705D-433B-9057-AACBBB4D3F51}.Release|ARM.Build.0 = Release|ARM
		{94D47949-705D-433B-9057-AACBBB4D3F51}.Release|ARM.Deploy.0 = Release|ARM
		{94D47949-705D-433B-9057-AACBBB4D3F51}.Release|x64.ActiveCfg = Release|x64
		{94D47949-705D-433B-9057-AACBBB4D3F51}.Release|x64.Build.0 = Release|x64
		{94D47949-705D-433B-9057-AACBBB4D3F51}.Release|x64.Deploy.0 = Release|x64
		{94D47949-705D-433B-9057-AACBBB4D3F51}.Release|x86.ActiveCfg = Release|x86
		{94D47949-705D-433B-9057-AACBBB4D3F51}.Release|x86.Build.0 = Release|x86
		{94D47949-705D-433B-9057-AACBBB4D3F51}.Release|x86.Deploy.0 = Release|x86
		{847E8604-2400-49E8-B776-037B07871F53}.Debug|Any CPU.ActiveCfg = Debug|Any CPU
		{847E8604-2400-49E8-B776-037B07871F53}.Debug|Any CPU.Build.0 = Debug|Any CPU
		{847E8604-2400-49E8-B776-037B07871F53}.Debug|ARM.ActiveCfg = Debug|Any CPU
		{847E8604-2400-49E8-B776-037B07871F53}.Debug|ARM.Build.0 = Debug|Any CPU
		{847E8604-2400-49E8-B776-037B07871F53}.Debug|x64.ActiveCfg = Debug|Any CPU
		{847E8604-2400-49E8-B776-037B07871F53}.Debug|x64.Build.0 = Debug|Any CPU
		{847E8604-2400-49E8-B776-037B07871F53}.Debug|x86.ActiveCfg = Debug|Any CPU
		{847E8604-2400-49E8-B776-037B07871F53}.Debug|x86.Build.0 = Debug|Any CPU
		{847E8604-2400-49E8-B776-037B07871F53}.Release|Any CPU.ActiveCfg = Release|Any CPU
		{847E8604-2400-49E8-B776-037B07871F53}.Release|Any CPU.Build.0 = Release|Any CPU
		{847E8604-2400-49E8-B776-037B07871F53}.Release|ARM.ActiveCfg = Release|Any CPU
		{847E8604-2400-49E8-B776-037B07871F53}.Release|ARM.Build.0 = Release|Any CPU
		{847E8604-2400-49E8-B776-037B07871F53}.Release|x64.ActiveCfg = Release|Any CPU
		{847E8604-2400-49E8-B776-037B07871F53}.Release|x64.Build.0 = Release|Any CPU
		{847E8604-2400-49E8-B776-037B07871F53}.Release|x86.ActiveCfg = Release|Any CPU
		{847E8604-2400-49E8-B776-037B07871F53}.Release|x86.Build.0 = Release|Any CPU
		{35447A95-308F-4F3E-B263-CBD634F00885}.Debug|Any CPU.ActiveCfg = Debug|Any CPU
		{35447A95-308F-4F3E-B263-CBD634F00885}.Debug|Any CPU.Build.0 = Debug|Any CPU
		{35447A95-308F-4F3E-B263-CBD634F00885}.Debug|ARM.ActiveCfg = Debug|Any CPU
		{35447A95-308F-4F3E-B263-CBD634F00885}.Debug|ARM.Build.0 = Debug|Any CPU
		{35447A95-308F-4F3E-B263-CBD634F00885}.Debug|x64.ActiveCfg = Debug|Any CPU
		{35447A95-308F-4F3E-B263-CBD634F00885}.Debug|x64.Build.0 = Debug|Any CPU
		{35447A95-308F-4F3E-B263-CBD634F00885}.Debug|x86.ActiveCfg = Debug|Any CPU
		{35447A95-308F-4F3E-B263-CBD634F00885}.Debug|x86.Build.0 = Debug|Any CPU
		{35447A95-308F-4F3E-B263-CBD634F00885}.Release|Any CPU.ActiveCfg = Release|Any CPU
		{35447A95-308F-4F3E-B263-CBD634F00885}.Release|Any CPU.Build.0 = Release|Any CPU
		{35447A95-308F-4F3E-B263-CBD634F00885}.Release|ARM.ActiveCfg = Release|Any CPU
		{35447A95-308F-4F3E-B263-CBD634F00885}.Release|ARM.Build.0 = Release|Any CPU
		{35447A95-308F-4F3E-B263-CBD634F00885}.Release|x64.ActiveCfg = Release|Any CPU
		{35447A95-308F-4F3E-B263-CBD634F00885}.Release|x64.Build.0 = Release|Any CPU
		{35447A95-308F-4F3E-B263-CBD634F00885}.Release|x86.ActiveCfg = Release|Any CPU
		{35447A95-308F-4F3E-B263-CBD634F00885}.Release|x86.Build.0 = Release|Any CPU
		{8E066469-4770-4203-83C4-2C851EE2D38A}.Debug|Any CPU.ActiveCfg = Debug|Any CPU
		{8E066469-4770-4203-83C4-2C851EE2D38A}.Debug|Any CPU.Build.0 = Debug|Any CPU
		{8E066469-4770-4203-83C4-2C851EE2D38A}.Debug|ARM.ActiveCfg = Debug|Any CPU
		{8E066469-4770-4203-83C4-2C851EE2D38A}.Debug|ARM.Build.0 = Debug|Any CPU
		{8E066469-4770-4203-83C4-2C851EE2D38A}.Debug|x64.ActiveCfg = Debug|Any CPU
		{8E066469-4770-4203-83C4-2C851EE2D38A}.Debug|x64.Build.0 = Debug|Any CPU
		{8E066469-4770-4203-83C4-2C851EE2D38A}.Debug|x86.ActiveCfg = Debug|Any CPU
		{8E066469-4770-4203-83C4-2C851EE2D38A}.Debug|x86.Build.0 = Debug|Any CPU
		{8E066469-4770-4203-83C4-2C851EE2D38A}.Release|Any CPU.ActiveCfg = Release|Any CPU
		{8E066469-4770-4203-83C4-2C851EE2D38A}.Release|Any CPU.Build.0 = Release|Any CPU
		{8E066469-4770-4203-83C4-2C851EE2D38A}.Release|ARM.ActiveCfg = Release|Any CPU
		{8E066469-4770-4203-83C4-2C851EE2D38A}.Release|ARM.Build.0 = Release|Any CPU
		{8E066469-4770-4203-83C4-2C851EE2D38A}.Release|x64.ActiveCfg = Release|Any CPU
		{8E066469-4770-4203-83C4-2C851EE2D38A}.Release|x64.Build.0 = Release|Any CPU
		{8E066469-4770-4203-83C4-2C851EE2D38A}.Release|x86.ActiveCfg = Release|Any CPU
		{8E066469-4770-4203-83C4-2C851EE2D38A}.Release|x86.Build.0 = Release|Any CPU
		{ADCA4E45-7B16-4874-A827-C3437DFC76C3}.Debug|Any CPU.ActiveCfg = Debug|Any CPU
		{ADCA4E45-7B16-4874-A827-C3437DFC76C3}.Debug|Any CPU.Build.0 = Debug|Any CPU
		{ADCA4E45-7B16-4874-A827-C3437DFC76C3}.Debug|ARM.ActiveCfg = Debug|Any CPU
		{ADCA4E45-7B16-4874-A827-C3437DFC76C3}.Debug|ARM.Build.0 = Debug|Any CPU
		{ADCA4E45-7B16-4874-A827-C3437DFC76C3}.Debug|x64.ActiveCfg = Debug|Any CPU
		{ADCA4E45-7B16-4874-A827-C3437DFC76C3}.Debug|x64.Build.0 = Debug|Any CPU
		{ADCA4E45-7B16-4874-A827-C3437DFC76C3}.Debug|x86.ActiveCfg = Debug|Any CPU
		{ADCA4E45-7B16-4874-A827-C3437DFC76C3}.Debug|x86.Build.0 = Debug|Any CPU
		{ADCA4E45-7B16-4874-A827-C3437DFC76C3}.Release|Any CPU.ActiveCfg = Release|Any CPU
		{ADCA4E45-7B16-4874-A827-C3437DFC76C3}.Release|Any CPU.Build.0 = Release|Any CPU
		{ADCA4E45-7B16-4874-A827-C3437DFC76C3}.Release|ARM.ActiveCfg = Release|Any CPU
		{ADCA4E45-7B16-4874-A827-C3437DFC76C3}.Release|ARM.Build.0 = Release|Any CPU
		{ADCA4E45-7B16-4874-A827-C3437DFC76C3}.Release|x64.ActiveCfg = Release|Any CPU
		{ADCA4E45-7B16-4874-A827-C3437DFC76C3}.Release|x64.Build.0 = Release|Any CPU
		{ADCA4E45-7B16-4874-A827-C3437DFC76C3}.Release|x86.ActiveCfg = Release|Any CPU
		{ADCA4E45-7B16-4874-A827-C3437DFC76C3}.Release|x86.Build.0 = Release|Any CPU
		{E7F549EE-39C5-4518-9A9E-1883218973BD}.Debug|Any CPU.ActiveCfg = Debug|Any CPU
		{E7F549EE-39C5-4518-9A9E-1883218973BD}.Debug|Any CPU.Build.0 = Debug|Any CPU
		{E7F549EE-39C5-4518-9A9E-1883218973BD}.Debug|ARM.ActiveCfg = Debug|Any CPU
		{E7F549EE-39C5-4518-9A9E-1883218973BD}.Debug|ARM.Build.0 = Debug|Any CPU
		{E7F549EE-39C5-4518-9A9E-1883218973BD}.Debug|x64.ActiveCfg = Debug|Any CPU
		{E7F549EE-39C5-4518-9A9E-1883218973BD}.Debug|x64.Build.0 = Debug|Any CPU
		{E7F549EE-39C5-4518-9A9E-1883218973BD}.Debug|x86.ActiveCfg = Debug|Any CPU
		{E7F549EE-39C5-4518-9A9E-1883218973BD}.Debug|x86.Build.0 = Debug|Any CPU
		{E7F549EE-39C5-4518-9A9E-1883218973BD}.Release|Any CPU.ActiveCfg = Release|Any CPU
		{E7F549EE-39C5-4518-9A9E-1883218973BD}.Release|Any CPU.Build.0 = Release|Any CPU
		{E7F549EE-39C5-4518-9A9E-1883218973BD}.Release|ARM.ActiveCfg = Release|Any CPU
		{E7F549EE-39C5-4518-9A9E-1883218973BD}.Release|ARM.Build.0 = Release|Any CPU
		{E7F549EE-39C5-4518-9A9E-1883218973BD}.Release|x64.ActiveCfg = Release|Any CPU
		{E7F549EE-39C5-4518-9A9E-1883218973BD}.Release|x64.Build.0 = Release|Any CPU
		{E7F549EE-39C5-4518-9A9E-1883218973BD}.Release|x86.ActiveCfg = Release|Any CPU
		{E7F549EE-39C5-4518-9A9E-1883218973BD}.Release|x86.Build.0 = Release|Any CPU
		{397E156A-B363-45EC-B74A-8C88C8C61E64}.Debug|Any CPU.ActiveCfg = Debug|Any CPU
		{397E156A-B363-45EC-B74A-8C88C8C61E64}.Debug|Any CPU.Build.0 = Debug|Any CPU
		{397E156A-B363-45EC-B74A-8C88C8C61E64}.Debug|ARM.ActiveCfg = Debug|Any CPU
		{397E156A-B363-45EC-B74A-8C88C8C61E64}.Debug|ARM.Build.0 = Debug|Any CPU
		{397E156A-B363-45EC-B74A-8C88C8C61E64}.Debug|x64.ActiveCfg = Debug|Any CPU
		{397E156A-B363-45EC-B74A-8C88C8C61E64}.Debug|x64.Build.0 = Debug|Any CPU
		{397E156A-B363-45EC-B74A-8C88C8C61E64}.Debug|x86.ActiveCfg = Debug|Any CPU
		{397E156A-B363-45EC-B74A-8C88C8C61E64}.Debug|x86.Build.0 = Debug|Any CPU
		{397E156A-B363-45EC-B74A-8C88C8C61E64}.Release|Any CPU.ActiveCfg = Release|Any CPU
		{397E156A-B363-45EC-B74A-8C88C8C61E64}.Release|Any CPU.Build.0 = Release|Any CPU
		{397E156A-B363-45EC-B74A-8C88C8C61E64}.Release|ARM.ActiveCfg = Release|Any CPU
		{397E156A-B363-45EC-B74A-8C88C8C61E64}.Release|ARM.Build.0 = Release|Any CPU
		{397E156A-B363-45EC-B74A-8C88C8C61E64}.Release|x64.ActiveCfg = Release|Any CPU
		{397E156A-B363-45EC-B74A-8C88C8C61E64}.Release|x64.Build.0 = Release|Any CPU
		{397E156A-B363-45EC-B74A-8C88C8C61E64}.Release|x86.ActiveCfg = Release|Any CPU
		{397E156A-B363-45EC-B74A-8C88C8C61E64}.Release|x86.Build.0 = Release|Any CPU
		{A929374B-DAEE-43FA-AC0C-0D236FEC073C}.Debug|Any CPU.ActiveCfg = Debug|Any CPU
		{A929374B-DAEE-43FA-AC0C-0D236FEC073C}.Debug|Any CPU.Build.0 = Debug|Any CPU
		{A929374B-DAEE-43FA-AC0C-0D236FEC073C}.Debug|ARM.ActiveCfg = Debug|Any CPU
		{A929374B-DAEE-43FA-AC0C-0D236FEC073C}.Debug|ARM.Build.0 = Debug|Any CPU
		{A929374B-DAEE-43FA-AC0C-0D236FEC073C}.Debug|x64.ActiveCfg = Debug|Any CPU
		{A929374B-DAEE-43FA-AC0C-0D236FEC073C}.Debug|x64.Build.0 = Debug|Any CPU
		{A929374B-DAEE-43FA-AC0C-0D236FEC073C}.Debug|x86.ActiveCfg = Debug|Any CPU
		{A929374B-DAEE-43FA-AC0C-0D236FEC073C}.Debug|x86.Build.0 = Debug|Any CPU
		{A929374B-DAEE-43FA-AC0C-0D236FEC073C}.Release|Any CPU.ActiveCfg = Release|Any CPU
		{A929374B-DAEE-43FA-AC0C-0D236FEC073C}.Release|Any CPU.Build.0 = Release|Any CPU
		{A929374B-DAEE-43FA-AC0C-0D236FEC073C}.Release|ARM.ActiveCfg = Release|Any CPU
		{A929374B-DAEE-43FA-AC0C-0D236FEC073C}.Release|ARM.Build.0 = Release|Any CPU
		{A929374B-DAEE-43FA-AC0C-0D236FEC073C}.Release|x64.ActiveCfg = Release|Any CPU
		{A929374B-DAEE-43FA-AC0C-0D236FEC073C}.Release|x64.Build.0 = Release|Any CPU
		{A929374B-DAEE-43FA-AC0C-0D236FEC073C}.Release|x86.ActiveCfg = Release|Any CPU
		{A929374B-DAEE-43FA-AC0C-0D236FEC073C}.Release|x86.Build.0 = Release|Any CPU
		{95E66A30-3EE2-4881-A308-662B2241B6E0}.Debug|Any CPU.ActiveCfg = Debug|Any CPU
		{95E66A30-3EE2-4881-A308-662B2241B6E0}.Debug|Any CPU.Build.0 = Debug|Any CPU
		{95E66A30-3EE2-4881-A308-662B2241B6E0}.Debug|ARM.ActiveCfg = Debug|Any CPU
		{95E66A30-3EE2-4881-A308-662B2241B6E0}.Debug|ARM.Build.0 = Debug|Any CPU
		{95E66A30-3EE2-4881-A308-662B2241B6E0}.Debug|x64.ActiveCfg = Debug|Any CPU
		{95E66A30-3EE2-4881-A308-662B2241B6E0}.Debug|x64.Build.0 = Debug|Any CPU
		{95E66A30-3EE2-4881-A308-662B2241B6E0}.Debug|x86.ActiveCfg = Debug|Any CPU
		{95E66A30-3EE2-4881-A308-662B2241B6E0}.Debug|x86.Build.0 = Debug|Any CPU
		{95E66A30-3EE2-4881-A308-662B2241B6E0}.Release|Any CPU.ActiveCfg = Release|Any CPU
		{95E66A30-3EE2-4881-A308-662B2241B6E0}.Release|Any CPU.Build.0 = Release|Any CPU
		{95E66A30-3EE2-4881-A308-662B2241B6E0}.Release|ARM.ActiveCfg = Release|Any CPU
		{95E66A30-3EE2-4881-A308-662B2241B6E0}.Release|ARM.Build.0 = Release|Any CPU
		{95E66A30-3EE2-4881-A308-662B2241B6E0}.Release|x64.ActiveCfg = Release|Any CPU
		{95E66A30-3EE2-4881-A308-662B2241B6E0}.Release|x64.Build.0 = Release|Any CPU
		{95E66A30-3EE2-4881-A308-662B2241B6E0}.Release|x86.ActiveCfg = Release|Any CPU
		{95E66A30-3EE2-4881-A308-662B2241B6E0}.Release|x86.Build.0 = Release|Any CPU
		{A6ECFA1C-F8B8-4B47-BF7F-6C5BC4A05A34}.Debug|Any CPU.ActiveCfg = Debug|Any CPU
		{A6ECFA1C-F8B8-4B47-BF7F-6C5BC4A05A34}.Debug|Any CPU.Build.0 = Debug|Any CPU
		{A6ECFA1C-F8B8-4B47-BF7F-6C5BC4A05A34}.Debug|ARM.ActiveCfg = Debug|Any CPU
		{A6ECFA1C-F8B8-4B47-BF7F-6C5BC4A05A34}.Debug|ARM.Build.0 = Debug|Any CPU
		{A6ECFA1C-F8B8-4B47-BF7F-6C5BC4A05A34}.Debug|x64.ActiveCfg = Debug|Any CPU
		{A6ECFA1C-F8B8-4B47-BF7F-6C5BC4A05A34}.Debug|x64.Build.0 = Debug|Any CPU
		{A6ECFA1C-F8B8-4B47-BF7F-6C5BC4A05A34}.Debug|x86.ActiveCfg = Debug|Any CPU
		{A6ECFA1C-F8B8-4B47-BF7F-6C5BC4A05A34}.Debug|x86.Build.0 = Debug|Any CPU
		{A6ECFA1C-F8B8-4B47-BF7F-6C5BC4A05A34}.Release|Any CPU.ActiveCfg = Release|Any CPU
		{A6ECFA1C-F8B8-4B47-BF7F-6C5BC4A05A34}.Release|Any CPU.Build.0 = Release|Any CPU
		{A6ECFA1C-F8B8-4B47-BF7F-6C5BC4A05A34}.Release|ARM.ActiveCfg = Release|Any CPU
		{A6ECFA1C-F8B8-4B47-BF7F-6C5BC4A05A34}.Release|ARM.Build.0 = Release|Any CPU
		{A6ECFA1C-F8B8-4B47-BF7F-6C5BC4A05A34}.Release|x64.ActiveCfg = Release|Any CPU
		{A6ECFA1C-F8B8-4B47-BF7F-6C5BC4A05A34}.Release|x64.Build.0 = Release|Any CPU
		{A6ECFA1C-F8B8-4B47-BF7F-6C5BC4A05A34}.Release|x86.ActiveCfg = Release|Any CPU
		{A6ECFA1C-F8B8-4B47-BF7F-6C5BC4A05A34}.Release|x86.Build.0 = Release|Any CPU
	EndGlobalSection
	GlobalSection(SolutionProperties) = preSolution
		HideSolutionNode = FALSE
	EndGlobalSection
	GlobalSection(NestedProjects) = preSolution
		{94D47949-705D-433B-9057-AACBBB4D3F51} = {865FEC67-AF12-4AC8-9EA9-F16321BF3C93}
		{847E8604-2400-49E8-B776-037B07871F53} = {BD678FB5-2437-479A-B99D-1D0AF3F0368A}
		{35447A95-308F-4F3E-B263-CBD634F00885} = {E2782F2D-EC95-43CD-9B8C-DF907E30DCF4}
		{8E066469-4770-4203-83C4-2C851EE2D38A} = {43387081-CF01-48D8-B9EC-82F9CB76BDDB}
		{ADCA4E45-7B16-4874-A827-C3437DFC76C3} = {383C7665-719C-4C6C-9BA8-57951CE8ED3E}
		{E7F549EE-39C5-4518-9A9E-1883218973BD} = {15810762-7E24-41A7-BC19-A9FD00493BE0}
		{397E156A-B363-45EC-B74A-8C88C8C61E64} = {BFB10B1E-59C5-490F-90B4-7814D0837BEB}
		{A929374B-DAEE-43FA-AC0C-0D236FEC073C} = {BFB10B1E-59C5-490F-90B4-7814D0837BEB}
		{95E66A30-3EE2-4881-A308-662B2241B6E0} = {B3B263D5-90E4-4E30-BFCE-30C175B053A2}
		{A6ECFA1C-F8B8-4B47-BF7F-6C5BC4A05A34} = {3453B415-A718-4A72-B035-04B5AE37A33D}
	EndGlobalSection
	GlobalSection(ExtensibilityGlobals) = postSolution
		SolutionGuid = {BAE0570B-8B21-4890-B9F2-46B412A129B9}
	EndGlobalSection
EndGlobal
